
Microsoft Visual Studio Solution File, Format Version 12.00
# Visual Studio Version 16
VisualStudioVersion = 16.0.29503.13
MinimumVisualStudioVersion = 10.0.40219.1
Project("{FAE04EC0-301F-11D3-BF4B-00C04F79EFBC}") = "SamplExeApp", "SamplExeApp.csproj", "{84725F21-2BEF-4542-9C03-5DD9C48D1254}"
EndProject
Global
	GlobalSection(SolutionConfigurationPlatforms) = preSolution
		Debug|Any CPU = Debug|Any CPU
		Release|Any CPU = Release|Any CPU
	EndGlobalSection
	GlobalSection(ProjectConfigurationPlatforms) = postSolution
		{84725F21-2BEF-4542-9C03-5DD9C48D1254}.Debug|Any CPU.ActiveCfg = Debug|Any CPU
		{84725F21-2BEF-4542-9C03-5DD9C48D1254}.Debug|Any CPU.Build.0 = Debug|Any CPU
		{84725F21-2BEF-4542-9C03-5DD9C48D1254}.Release|Any CPU.ActiveCfg = Release|Any CPU
		{84725F21-2BEF-4542-9C03-5DD9C48D1254}.Release|Any CPU.Build.0 = Release|Any CPU
	EndGlobalSection
	GlobalSection(SolutionProperties) = preSolution
		HideSolutionNode = FALSE
	EndGlobalSection
	GlobalSection(ExtensibilityGlobals) = postSolution
		SolutionGuid = {2CEA7AC5-0DCA-4616-A31A-6E46569819C5}
	EndGlobalSection
EndGlobal
